
Microsoft Visual Studio Solution File, Format Version 12.00
# Visual Studio 15
VisualStudioVersion = 15.0.27428.2002
MinimumVisualStudioVersion = 10.0.40219.1
Project("{9A19103F-16F7-4668-BE54-9A1E7A4F7556}") = "Egram", "Egram\Egram.csproj", "{AF5CEC36-B398-4F7C-ADEC-E984E60F62BD}"
EndProject
Project("{9A19103F-16F7-4668-BE54-9A1E7A4F7556}") = "Egram.Components", "Egram.Components\Egram.Components.csproj", "{DB737CEF-3FD9-4769-8690-9F512643DC61}"
EndProject
Project("{9A19103F-16F7-4668-BE54-9A1E7A4F7556}") = "Egram.Gui", "Egram.Gui\Egram.Gui.csproj", "{A9D83964-F1EF-42E3-9474-2FFA941F0E5B}"
EndProject
Project("{9A19103F-16F7-4668-BE54-9A1E7A4F7556}") = "TDLib", "TDLib\TDLib.csproj", "{EE9492A1-CCA1-4E13-AC53-5BA00CF33564}"
EndProject
Project("{9A19103F-16F7-4668-BE54-9A1E7A4F7556}") = "Egram.Gui.Theming", "Egram.Gui.Theming\Egram.Gui.Theming.csproj", "{5380F4D6-1053-48FC-854E-64F8FD2A46C4}"
EndProject
Project("{9A19103F-16F7-4668-BE54-9A1E7A4F7556}") = "TDLib.Api", "TDLib.Api\TDLib.Api.csproj", "{44A70CE9-4950-4FE5-B771-15565302513D}"
EndProject
Project("{9A19103F-16F7-4668-BE54-9A1E7A4F7556}") = "Egram.Components.Chatting", "Egram.Components.Chatting\Egram.Components.Chatting.csproj", "{E1A54B1E-C4EA-4A4E-B799-931F316E13C2}"
EndProject
Project("{9A19103F-16F7-4668-BE54-9A1E7A4F7556}") = "Egram.Components.Navigation", "Egram.Components.Navigation\Egram.Components.Navigation.csproj", "{7BCE8D9F-1502-4448-8440-6ABF63ECB248}"
EndProject
Project("{9A19103F-16F7-4668-BE54-9A1E7A4F7556}") = "Egram.Components.Authorization", "Egram.Components.Authorization\Egram.Components.Authorization.csproj", "{9B5573F7-9780-4972-8FAD-8713BF94F935}"
EndProject
Project("{9A19103F-16F7-4668-BE54-9A1E7A4F7556}") = "Egram.Components.App", "Egram.Components.App\Egram.Components.App.csproj", "{603F326F-612C-45EC-A060-B189DF8EE084}"
EndProject
Project("{9A19103F-16F7-4668-BE54-9A1E7A4F7556}") = "Egram.Components.Main", "Egram.Components.Main\Egram.Components.Main.csproj", "{54AB1EDE-559F-45A2-8124-977C98B04A0A}"
EndProject
Project("{9A19103F-16F7-4668-BE54-9A1E7A4F7556}") = "Egram.Components.Workarea", "Egram.Components.Workarea\Egram.Components.Workarea.csproj", "{6DDBBB8F-7052-4989-997E-597985A632F4}"
EndProject
Global
	GlobalSection(SolutionConfigurationPlatforms) = preSolution
		Debug|Any CPU = Debug|Any CPU
		Release|Any CPU = Release|Any CPU
	EndGlobalSection
	GlobalSection(ProjectConfigurationPlatforms) = postSolution
		{AF5CEC36-B398-4F7C-ADEC-E984E60F62BD}.Debug|Any CPU.ActiveCfg = Debug|Any CPU
		{AF5CEC36-B398-4F7C-ADEC-E984E60F62BD}.Debug|Any CPU.Build.0 = Debug|Any CPU
		{AF5CEC36-B398-4F7C-ADEC-E984E60F62BD}.Release|Any CPU.ActiveCfg = Release|Any CPU
		{AF5CEC36-B398-4F7C-ADEC-E984E60F62BD}.Release|Any CPU.Build.0 = Release|Any CPU
		{DB737CEF-3FD9-4769-8690-9F512643DC61}.Debug|Any CPU.ActiveCfg = Debug|Any CPU
		{DB737CEF-3FD9-4769-8690-9F512643DC61}.Debug|Any CPU.Build.0 = Debug|Any CPU
		{DB737CEF-3FD9-4769-8690-9F512643DC61}.Release|Any CPU.ActiveCfg = Release|Any CPU
		{DB737CEF-3FD9-4769-8690-9F512643DC61}.Release|Any CPU.Build.0 = Release|Any CPU
		{A9D83964-F1EF-42E3-9474-2FFA941F0E5B}.Debug|Any CPU.ActiveCfg = Debug|Any CPU
		{A9D83964-F1EF-42E3-9474-2FFA941F0E5B}.Debug|Any CPU.Build.0 = Debug|Any CPU
		{A9D83964-F1EF-42E3-9474-2FFA941F0E5B}.Release|Any CPU.ActiveCfg = Release|Any CPU
		{A9D83964-F1EF-42E3-9474-2FFA941F0E5B}.Release|Any CPU.Build.0 = Release|Any CPU
		{EE9492A1-CCA1-4E13-AC53-5BA00CF33564}.Debug|Any CPU.ActiveCfg = Debug|Any CPU
		{EE9492A1-CCA1-4E13-AC53-5BA00CF33564}.Debug|Any CPU.Build.0 = Debug|Any CPU
		{EE9492A1-CCA1-4E13-AC53-5BA00CF33564}.Release|Any CPU.ActiveCfg = Release|Any CPU
		{EE9492A1-CCA1-4E13-AC53-5BA00CF33564}.Release|Any CPU.Build.0 = Release|Any CPU
		{5380F4D6-1053-48FC-854E-64F8FD2A46C4}.Debug|Any CPU.ActiveCfg = Debug|Any CPU
		{5380F4D6-1053-48FC-854E-64F8FD2A46C4}.Debug|Any CPU.Build.0 = Debug|Any CPU
		{5380F4D6-1053-48FC-854E-64F8FD2A46C4}.Release|Any CPU.ActiveCfg = Release|Any CPU
		{5380F4D6-1053-48FC-854E-64F8FD2A46C4}.Release|Any CPU.Build.0 = Release|Any CPU
		{44A70CE9-4950-4FE5-B771-15565302513D}.Debug|Any CPU.ActiveCfg = Debug|Any CPU
		{44A70CE9-4950-4FE5-B771-15565302513D}.Debug|Any CPU.Build.0 = Debug|Any CPU
		{44A70CE9-4950-4FE5-B771-15565302513D}.Release|Any CPU.ActiveCfg = Release|Any CPU
		{44A70CE9-4950-4FE5-B771-15565302513D}.Release|Any CPU.Build.0 = Release|Any CPU
		{E1A54B1E-C4EA-4A4E-B799-931F316E13C2}.Debug|Any CPU.ActiveCfg = Debug|Any CPU
		{E1A54B1E-C4EA-4A4E-B799-931F316E13C2}.Debug|Any CPU.Build.0 = Debug|Any CPU
		{E1A54B1E-C4EA-4A4E-B799-931F316E13C2}.Release|Any CPU.ActiveCfg = Release|Any CPU
		{E1A54B1E-C4EA-4A4E-B799-931F316E13C2}.Release|Any CPU.Build.0 = Release|Any CPU
		{7BCE8D9F-1502-4448-8440-6ABF63ECB248}.Debug|Any CPU.ActiveCfg = Debug|Any CPU
		{7BCE8D9F-1502-4448-8440-6ABF63ECB248}.Debug|Any CPU.Build.0 = Debug|Any CPU
		{7BCE8D9F-1502-4448-8440-6ABF63ECB248}.Release|Any CPU.ActiveCfg = Release|Any CPU
		{7BCE8D9F-1502-4448-8440-6ABF63ECB248}.Release|Any CPU.Build.0 = Release|Any CPU
		{9B5573F7-9780-4972-8FAD-8713BF94F935}.Debug|Any CPU.ActiveCfg = Debug|Any CPU
		{9B5573F7-9780-4972-8FAD-8713BF94F935}.Debug|Any CPU.Build.0 = Debug|Any CPU
		{9B5573F7-9780-4972-8FAD-8713BF94F935}.Release|Any CPU.ActiveCfg = Release|Any CPU
		{9B5573F7-9780-4972-8FAD-8713BF94F935}.Release|Any CPU.Build.0 = Release|Any CPU
		{603F326F-612C-45EC-A060-B189DF8EE084}.Debug|Any CPU.ActiveCfg = Debug|Any CPU
		{603F326F-612C-45EC-A060-B189DF8EE084}.Debug|Any CPU.Build.0 = Debug|Any CPU
		{603F326F-612C-45EC-A060-B189DF8EE084}.Release|Any CPU.ActiveCfg = Release|Any CPU
		{603F326F-612C-45EC-A060-B189DF8EE084}.Release|Any CPU.Build.0 = Release|Any CPU
		{54AB1EDE-559F-45A2-8124-977C98B04A0A}.Debug|Any CPU.ActiveCfg = Debug|Any CPU
		{54AB1EDE-559F-45A2-8124-977C98B04A0A}.Debug|Any CPU.Build.0 = Debug|Any CPU
		{54AB1EDE-559F-45A2-8124-977C98B04A0A}.Release|Any CPU.ActiveCfg = Release|Any CPU
		{54AB1EDE-559F-45A2-8124-977C98B04A0A}.Release|Any CPU.Build.0 = Release|Any CPU
		{6DDBBB8F-7052-4989-997E-597985A632F4}.Debug|Any CPU.ActiveCfg = Debug|Any CPU
		{6DDBBB8F-7052-4989-997E-597985A632F4}.Debug|Any CPU.Build.0 = Debug|Any CPU
		{6DDBBB8F-7052-4989-997E-597985A632F4}.Release|Any CPU.ActiveCfg = Release|Any CPU
		{6DDBBB8F-7052-4989-997E-597985A632F4}.Release|Any CPU.Build.0 = Release|Any CPU
	EndGlobalSection
	GlobalSection(SolutionProperties) = preSolution
		HideSolutionNode = FALSE
	EndGlobalSection
	GlobalSection(ExtensibilityGlobals) = postSolution
		SolutionGuid = {CAAC2D14-ADC4-4514-9DD7-6D35E8FBE2ED}
	EndGlobalSection
EndGlobal
