
Microsoft Visual Studio Solution File, Format Version 12.00
# Visual Studio 15
VisualStudioVersion = 15.0.28010.2003
MinimumVisualStudioVersion = 10.0.40219.1
Project("{9A19103F-16F7-4668-BE54-9A1E7A4F7556}") = "Tel.Egram", "application\Tel.Egram\Tel.Egram.csproj", "{9E350FAF-4C2D-4E47-B6A7-FBBB72450418}"
EndProject
Project("{9A19103F-16F7-4668-BE54-9A1E7A4F7556}") = "Tel.Egram.Gui", "application\Tel.Egram.Gui\Tel.Egram.Gui.csproj", "{563D970A-38C2-4C36-8252-667A0984F6BA}"
EndProject
Project("{9A19103F-16F7-4668-BE54-9A1E7A4F7556}") = "Tel.Egram.Components.Application", "components\Tel.Egram.Components.Application\Tel.Egram.Components.Application.csproj", "{7B7569D7-9BE6-44EF-8298-FAA48B18E7B6}"
EndProject
Project("{2150E333-8FDC-42A3-9474-1A3956D46DE8}") = "components", "components", "{023AD020-281E-4DD4-AB74-99D9235C467E}"
EndProject
Project("{2150E333-8FDC-42A3-9474-1A3956D46DE8}") = "application", "application", "{AF2C72D4-DDCB-4077-8153-270EF061A94A}"
EndProject
Project("{9A19103F-16F7-4668-BE54-9A1E7A4F7556}") = "Tel.Egram.Components.Workspace", "components\Tel.Egram.Components.Workspace\Tel.Egram.Components.Workspace.csproj", "{9CC2DA34-9AFF-442D-8E02-BB7B7161FC27}"
EndProject
Project("{9A19103F-16F7-4668-BE54-9A1E7A4F7556}") = "Tel.Egram.Components.Authentication", "components\Tel.Egram.Components.Authentication\Tel.Egram.Components.Authentication.csproj", "{CFC70B90-A485-4A62-91D3-BA77409FC142}"
EndProject
Project("{2150E333-8FDC-42A3-9474-1A3956D46DE8}") = "services", "services", "{800BCC36-C57E-41FA-A5F7-21EB841913CE}"
EndProject
Project("{9A19103F-16F7-4668-BE54-9A1E7A4F7556}") = "Tel.Egram.Persistance", "services\Tel.Egram.Persistance\Tel.Egram.Persistance.csproj", "{04A561C4-9DC4-43AA-9588-7835F5CAC2E0}"
EndProject
Project("{9A19103F-16F7-4668-BE54-9A1E7A4F7556}") = "Tel.Egram.Graphics", "services\Tel.Egram.Graphics\Tel.Egram.Graphics.csproj", "{DE16271E-5A1C-480A-8311-FE46EC492382}"
EndProject
Project("{9A19103F-16F7-4668-BE54-9A1E7A4F7556}") = "Tel.Egram.Components.Messenger", "components\Tel.Egram.Components.Messenger\Tel.Egram.Components.Messenger.csproj", "{4369B5F5-49CD-4813-8602-A9161E7A3896}"
EndProject
Project("{9A19103F-16F7-4668-BE54-9A1E7A4F7556}") = "Tel.Egram.Messaging", "services\Tel.Egram.Messaging\Tel.Egram.Messaging.csproj", "{D2695397-39D0-4C9C-8F6E-D7E703605ECD}"
EndProject
Project("{9A19103F-16F7-4668-BE54-9A1E7A4F7556}") = "Tel.Egram.Utils", "services\Tel.Egram.Utils\Tel.Egram.Utils.csproj", "{50FB25CD-9951-4ADA-A30E-0008642DEEBE}"
EndProject
Project("{FAE04EC0-301F-11D3-BF4B-00C04F79EFBC}") = "Tel.Egram.Authentication", "services\Tel.Egram.Authentication\Tel.Egram.Authentication.csproj", "{5B6A93BB-F649-4FF8-A316-55E81C43B506}"
EndProject
Project("{FAE04EC0-301F-11D3-BF4B-00C04F79EFBC}") = "Tel.Egram.Components.Settings", "components\Tel.Egram.Components.Settings\Tel.Egram.Components.Settings.csproj", "{D0ECC966-C6E4-4EA1-B033-1B6CD684A5DD}"
EndProject
Project("{FAE04EC0-301F-11D3-BF4B-00C04F79EFBC}") = "Tel.Egram.Settings", "services\Tel.Egram.Settings\Tel.Egram.Settings.csproj", "{EABF6E1B-29D0-42B2-BA87-1523B156366F}"
EndProject
Project("{FAE04EC0-301F-11D3-BF4B-00C04F79EFBC}") = "Tel.Egram.Components", "components\Tel.Egram.Components\Tel.Egram.Components.csproj", "{9E5F11B0-6930-4E61-B86A-0E267369A48F}"
EndProject
Project("{FAE04EC0-301F-11D3-BF4B-00C04F79EFBC}") = "Tel.Egram.Models", "application\Tel.Egram.Models\Tel.Egram.Models.csproj", "{A177EB6C-4F7C-41F3-8FA3-E594E8E5DAA8}"
EndProject
Global
	GlobalSection(SolutionConfigurationPlatforms) = preSolution
		Debug|Any CPU = Debug|Any CPU
		Release|Any CPU = Release|Any CPU
	EndGlobalSection
	GlobalSection(ProjectConfigurationPlatforms) = postSolution
		{9E350FAF-4C2D-4E47-B6A7-FBBB72450418}.Debug|Any CPU.ActiveCfg = Debug|Any CPU
		{9E350FAF-4C2D-4E47-B6A7-FBBB72450418}.Debug|Any CPU.Build.0 = Debug|Any CPU
		{9E350FAF-4C2D-4E47-B6A7-FBBB72450418}.Release|Any CPU.ActiveCfg = Release|Any CPU
		{9E350FAF-4C2D-4E47-B6A7-FBBB72450418}.Release|Any CPU.Build.0 = Release|Any CPU
		{563D970A-38C2-4C36-8252-667A0984F6BA}.Debug|Any CPU.ActiveCfg = Debug|Any CPU
		{563D970A-38C2-4C36-8252-667A0984F6BA}.Debug|Any CPU.Build.0 = Debug|Any CPU
		{563D970A-38C2-4C36-8252-667A0984F6BA}.Release|Any CPU.ActiveCfg = Release|Any CPU
		{563D970A-38C2-4C36-8252-667A0984F6BA}.Release|Any CPU.Build.0 = Release|Any CPU
		{7B7569D7-9BE6-44EF-8298-FAA48B18E7B6}.Debug|Any CPU.ActiveCfg = Debug|Any CPU
		{7B7569D7-9BE6-44EF-8298-FAA48B18E7B6}.Debug|Any CPU.Build.0 = Debug|Any CPU
		{7B7569D7-9BE6-44EF-8298-FAA48B18E7B6}.Release|Any CPU.ActiveCfg = Release|Any CPU
		{7B7569D7-9BE6-44EF-8298-FAA48B18E7B6}.Release|Any CPU.Build.0 = Release|Any CPU
		{9CC2DA34-9AFF-442D-8E02-BB7B7161FC27}.Debug|Any CPU.ActiveCfg = Debug|Any CPU
		{9CC2DA34-9AFF-442D-8E02-BB7B7161FC27}.Debug|Any CPU.Build.0 = Debug|Any CPU
		{9CC2DA34-9AFF-442D-8E02-BB7B7161FC27}.Release|Any CPU.ActiveCfg = Release|Any CPU
		{9CC2DA34-9AFF-442D-8E02-BB7B7161FC27}.Release|Any CPU.Build.0 = Release|Any CPU
		{CFC70B90-A485-4A62-91D3-BA77409FC142}.Debug|Any CPU.ActiveCfg = Debug|Any CPU
		{CFC70B90-A485-4A62-91D3-BA77409FC142}.Debug|Any CPU.Build.0 = Debug|Any CPU
		{CFC70B90-A485-4A62-91D3-BA77409FC142}.Release|Any CPU.ActiveCfg = Release|Any CPU
		{CFC70B90-A485-4A62-91D3-BA77409FC142}.Release|Any CPU.Build.0 = Release|Any CPU
		{04A561C4-9DC4-43AA-9588-7835F5CAC2E0}.Debug|Any CPU.ActiveCfg = Debug|Any CPU
		{04A561C4-9DC4-43AA-9588-7835F5CAC2E0}.Debug|Any CPU.Build.0 = Debug|Any CPU
		{04A561C4-9DC4-43AA-9588-7835F5CAC2E0}.Release|Any CPU.ActiveCfg = Release|Any CPU
		{04A561C4-9DC4-43AA-9588-7835F5CAC2E0}.Release|Any CPU.Build.0 = Release|Any CPU
		{DE16271E-5A1C-480A-8311-FE46EC492382}.Debug|Any CPU.ActiveCfg = Debug|Any CPU
		{DE16271E-5A1C-480A-8311-FE46EC492382}.Debug|Any CPU.Build.0 = Debug|Any CPU
		{DE16271E-5A1C-480A-8311-FE46EC492382}.Release|Any CPU.ActiveCfg = Release|Any CPU
		{DE16271E-5A1C-480A-8311-FE46EC492382}.Release|Any CPU.Build.0 = Release|Any CPU
		{4369B5F5-49CD-4813-8602-A9161E7A3896}.Debug|Any CPU.ActiveCfg = Debug|Any CPU
		{4369B5F5-49CD-4813-8602-A9161E7A3896}.Debug|Any CPU.Build.0 = Debug|Any CPU
		{4369B5F5-49CD-4813-8602-A9161E7A3896}.Release|Any CPU.ActiveCfg = Release|Any CPU
		{4369B5F5-49CD-4813-8602-A9161E7A3896}.Release|Any CPU.Build.0 = Release|Any CPU
		{D2695397-39D0-4C9C-8F6E-D7E703605ECD}.Debug|Any CPU.ActiveCfg = Debug|Any CPU
		{D2695397-39D0-4C9C-8F6E-D7E703605ECD}.Debug|Any CPU.Build.0 = Debug|Any CPU
		{D2695397-39D0-4C9C-8F6E-D7E703605ECD}.Release|Any CPU.ActiveCfg = Release|Any CPU
		{D2695397-39D0-4C9C-8F6E-D7E703605ECD}.Release|Any CPU.Build.0 = Release|Any CPU
		{50FB25CD-9951-4ADA-A30E-0008642DEEBE}.Debug|Any CPU.ActiveCfg = Debug|Any CPU
		{50FB25CD-9951-4ADA-A30E-0008642DEEBE}.Debug|Any CPU.Build.0 = Debug|Any CPU
		{50FB25CD-9951-4ADA-A30E-0008642DEEBE}.Release|Any CPU.ActiveCfg = Release|Any CPU
		{50FB25CD-9951-4ADA-A30E-0008642DEEBE}.Release|Any CPU.Build.0 = Release|Any CPU
		{5B6A93BB-F649-4FF8-A316-55E81C43B506}.Debug|Any CPU.ActiveCfg = Debug|Any CPU
		{5B6A93BB-F649-4FF8-A316-55E81C43B506}.Debug|Any CPU.Build.0 = Debug|Any CPU
		{5B6A93BB-F649-4FF8-A316-55E81C43B506}.Release|Any CPU.ActiveCfg = Release|Any CPU
		{5B6A93BB-F649-4FF8-A316-55E81C43B506}.Release|Any CPU.Build.0 = Release|Any CPU
		{D0ECC966-C6E4-4EA1-B033-1B6CD684A5DD}.Debug|Any CPU.ActiveCfg = Debug|Any CPU
		{D0ECC966-C6E4-4EA1-B033-1B6CD684A5DD}.Debug|Any CPU.Build.0 = Debug|Any CPU
		{D0ECC966-C6E4-4EA1-B033-1B6CD684A5DD}.Release|Any CPU.ActiveCfg = Release|Any CPU
		{D0ECC966-C6E4-4EA1-B033-1B6CD684A5DD}.Release|Any CPU.Build.0 = Release|Any CPU
		{EABF6E1B-29D0-42B2-BA87-1523B156366F}.Debug|Any CPU.ActiveCfg = Debug|Any CPU
		{EABF6E1B-29D0-42B2-BA87-1523B156366F}.Debug|Any CPU.Build.0 = Debug|Any CPU
		{EABF6E1B-29D0-42B2-BA87-1523B156366F}.Release|Any CPU.ActiveCfg = Release|Any CPU
		{EABF6E1B-29D0-42B2-BA87-1523B156366F}.Release|Any CPU.Build.0 = Release|Any CPU
		{9E5F11B0-6930-4E61-B86A-0E267369A48F}.Debug|Any CPU.ActiveCfg = Debug|Any CPU
		{9E5F11B0-6930-4E61-B86A-0E267369A48F}.Debug|Any CPU.Build.0 = Debug|Any CPU
		{9E5F11B0-6930-4E61-B86A-0E267369A48F}.Release|Any CPU.ActiveCfg = Release|Any CPU
		{9E5F11B0-6930-4E61-B86A-0E267369A48F}.Release|Any CPU.Build.0 = Release|Any CPU
		{A177EB6C-4F7C-41F3-8FA3-E594E8E5DAA8}.Debug|Any CPU.ActiveCfg = Debug|Any CPU
		{A177EB6C-4F7C-41F3-8FA3-E594E8E5DAA8}.Debug|Any CPU.Build.0 = Debug|Any CPU
		{A177EB6C-4F7C-41F3-8FA3-E594E8E5DAA8}.Release|Any CPU.ActiveCfg = Release|Any CPU
		{A177EB6C-4F7C-41F3-8FA3-E594E8E5DAA8}.Release|Any CPU.Build.0 = Release|Any CPU
	EndGlobalSection
	GlobalSection(SolutionProperties) = preSolution
		HideSolutionNode = FALSE
	EndGlobalSection
	GlobalSection(NestedProjects) = preSolution
		{9E350FAF-4C2D-4E47-B6A7-FBBB72450418} = {AF2C72D4-DDCB-4077-8153-270EF061A94A}
		{563D970A-38C2-4C36-8252-667A0984F6BA} = {AF2C72D4-DDCB-4077-8153-270EF061A94A}
		{7B7569D7-9BE6-44EF-8298-FAA48B18E7B6} = {023AD020-281E-4DD4-AB74-99D9235C467E}
		{9CC2DA34-9AFF-442D-8E02-BB7B7161FC27} = {023AD020-281E-4DD4-AB74-99D9235C467E}
		{CFC70B90-A485-4A62-91D3-BA77409FC142} = {023AD020-281E-4DD4-AB74-99D9235C467E}
		{04A561C4-9DC4-43AA-9588-7835F5CAC2E0} = {800BCC36-C57E-41FA-A5F7-21EB841913CE}
		{DE16271E-5A1C-480A-8311-FE46EC492382} = {800BCC36-C57E-41FA-A5F7-21EB841913CE}
		{4369B5F5-49CD-4813-8602-A9161E7A3896} = {023AD020-281E-4DD4-AB74-99D9235C467E}
		{D2695397-39D0-4C9C-8F6E-D7E703605ECD} = {800BCC36-C57E-41FA-A5F7-21EB841913CE}
		{50FB25CD-9951-4ADA-A30E-0008642DEEBE} = {800BCC36-C57E-41FA-A5F7-21EB841913CE}
		{5B6A93BB-F649-4FF8-A316-55E81C43B506} = {800BCC36-C57E-41FA-A5F7-21EB841913CE}
		{D0ECC966-C6E4-4EA1-B033-1B6CD684A5DD} = {023AD020-281E-4DD4-AB74-99D9235C467E}
		{EABF6E1B-29D0-42B2-BA87-1523B156366F} = {800BCC36-C57E-41FA-A5F7-21EB841913CE}
		{9E5F11B0-6930-4E61-B86A-0E267369A48F} = {023AD020-281E-4DD4-AB74-99D9235C467E}
		{A177EB6C-4F7C-41F3-8FA3-E594E8E5DAA8} = {AF2C72D4-DDCB-4077-8153-270EF061A94A}
	EndGlobalSection
	GlobalSection(ExtensibilityGlobals) = postSolution
		SolutionGuid = {3D35C07F-9F13-4E04-A5E0-36C92839CCD3}
	EndGlobalSection
EndGlobal
