
Microsoft Visual Studio Solution File, Format Version 12.00
# Visual Studio 15
VisualStudioVersion = 15.0.28010.2003
MinimumVisualStudioVersion = 10.0.40219.1
Project("{9A19103F-16F7-4668-BE54-9A1E7A4F7556}") = "Tel.Egram", "application\Tel.Egram\Tel.Egram.csproj", "{9E350FAF-4C2D-4E47-B6A7-FBBB72450418}"
EndProject
Project("{9A19103F-16F7-4668-BE54-9A1E7A4F7556}") = "Tel.Egram.Gui", "application\Tel.Egram.Gui\Tel.Egram.Gui.csproj", "{563D970A-38C2-4C36-8252-667A0984F6BA}"
EndProject
Project("{9A19103F-16F7-4668-BE54-9A1E7A4F7556}") = "Tel.Egram.Components.Navigation", "components\Tel.Egram.Components.Navigation\Tel.Egram.Components.Navigation.csproj", "{AC337CB0-6CA8-4DBC-9D46-DBE250A5117E}"
EndProject
Project("{9A19103F-16F7-4668-BE54-9A1E7A4F7556}") = "Tel.Egram.Components.Application", "components\Tel.Egram.Components.Application\Tel.Egram.Components.Application.csproj", "{7B7569D7-9BE6-44EF-8298-FAA48B18E7B6}"
EndProject
Project("{2150E333-8FDC-42A3-9474-1A3956D46DE8}") = "components", "components", "{023AD020-281E-4DD4-AB74-99D9235C467E}"
EndProject
Project("{2150E333-8FDC-42A3-9474-1A3956D46DE8}") = "application", "application", "{AF2C72D4-DDCB-4077-8153-270EF061A94A}"
EndProject
Project("{9A19103F-16F7-4668-BE54-9A1E7A4F7556}") = "Tel.Egram.Components.Workspace", "components\Tel.Egram.Components.Workspace\Tel.Egram.Components.Workspace.csproj", "{9CC2DA34-9AFF-442D-8E02-BB7B7161FC27}"
EndProject
Project("{9A19103F-16F7-4668-BE54-9A1E7A4F7556}") = "Tel.Egram.Components.Authentication", "components\Tel.Egram.Components.Authentication\Tel.Egram.Components.Authentication.csproj", "{CFC70B90-A485-4A62-91D3-BA77409FC142}"
EndProject
Project("{9A19103F-16F7-4668-BE54-9A1E7A4F7556}") = "Tel.Egram.Components.Content", "components\Tel.Egram.Components.Content\Tel.Egram.Components.Content.csproj", "{A54C79EA-4EC7-4BC7-AA9A-2F412E139FA8}"
EndProject
Project("{2150E333-8FDC-42A3-9474-1A3956D46DE8}") = "services", "services", "{800BCC36-C57E-41FA-A5F7-21EB841913CE}"
EndProject
Project("{9A19103F-16F7-4668-BE54-9A1E7A4F7556}") = "Tel.Egram.TdLib", "services\Tel.Egram.TdLib\Tel.Egram.TdLib.csproj", "{8E3A9CAD-39DB-46AB-BA4F-3C4698CB4F48}"
EndProject
Project("{9A19103F-16F7-4668-BE54-9A1E7A4F7556}") = "Tel.Egram.Persistance", "services\Tel.Egram.Persistance\Tel.Egram.Persistance.csproj", "{04A561C4-9DC4-43AA-9588-7835F5CAC2E0}"
EndProject
Project("{9A19103F-16F7-4668-BE54-9A1E7A4F7556}") = "Tel.Egram.Graphics", "services\Tel.Egram.Graphics\Tel.Egram.Graphics.csproj", "{DE16271E-5A1C-480A-8311-FE46EC492382}"
EndProject
Project("{9A19103F-16F7-4668-BE54-9A1E7A4F7556}") = "Tel.Egram.Components.Messenger", "components\Tel.Egram.Components.Messenger\Tel.Egram.Components.Messenger.csproj", "{4369B5F5-49CD-4813-8602-A9161E7A3896}"
EndProject
Project("{9A19103F-16F7-4668-BE54-9A1E7A4F7556}") = "Tel.Egram.Components.Catalog", "components\Tel.Egram.Components.Catalog\Tel.Egram.Components.Catalog.csproj", "{AB1D7531-4AFB-4A14-A8DE-8390962876D6}"
EndProject
Project("{9A19103F-16F7-4668-BE54-9A1E7A4F7556}") = "Tel.Egram.Feeds", "services\Tel.Egram.Feeds\Tel.Egram.Feeds.csproj", "{D2695397-39D0-4C9C-8F6E-D7E703605ECD}"
EndProject
Project("{9A19103F-16F7-4668-BE54-9A1E7A4F7556}") = "Tel.Egram.Utils", "services\Tel.Egram.Utils\Tel.Egram.Utils.csproj", "{50FB25CD-9951-4ADA-A30E-0008642DEEBE}"
EndProject
Project("{9A19103F-16F7-4668-BE54-9A1E7A4F7556}") = "Tel.Egram.Components.Explorer", "components\Tel.Egram.Components.Explorer\Tel.Egram.Components.Explorer.csproj", "{13BCEE34-90BA-4837-A74B-A394ACFF1ED0}"
EndProject
Project("{9A19103F-16F7-4668-BE54-9A1E7A4F7556}") = "Tel.Egram.Components.MessageEditor", "components\Tel.Egram.Components.MessageEditor\Tel.Egram.Components.MessageEditor.csproj", "{415A5BD3-32EE-45CC-8D53-28B00BE23443}"
EndProject
Project("{FAE04EC0-301F-11D3-BF4B-00C04F79EFBC}") = "Tel.Egram.Messages", "services\Tel.Egram.Messages\Tel.Egram.Messages.csproj", "{39591E59-6FDE-46BA-BF41-E53F2BA200CF}"
EndProject
Project("{FAE04EC0-301F-11D3-BF4B-00C04F79EFBC}") = "Tel.Egram.Users", "services\Tel.Egram.Users\Tel.Egram.Users.csproj", "{1F1FCFB7-29B1-4F82-8DAF-E3C5574B7381}"
EndProject
Project("{FAE04EC0-301F-11D3-BF4B-00C04F79EFBC}") = "Tel.Egram.Authentication", "services\Tel.Egram.Authentication\Tel.Egram.Authentication.csproj", "{5B6A93BB-F649-4FF8-A316-55E81C43B506}"
EndProject
Project("{FAE04EC0-301F-11D3-BF4B-00C04F79EFBC}") = "Tel.Egram.Components.Popup", "components\Tel.Egram.Components.Popup\Tel.Egram.Components.Popup.csproj", "{18BA8357-ED41-4E2A-A30C-B786177E1559}"
EndProject
Project("{FAE04EC0-301F-11D3-BF4B-00C04F79EFBC}") = "Tel.Egram.Components.Settings", "components\Tel.Egram.Components.Settings\Tel.Egram.Components.Settings.csproj", "{D0ECC966-C6E4-4EA1-B033-1B6CD684A5DD}"
EndProject
Project("{FAE04EC0-301F-11D3-BF4B-00C04F79EFBC}") = "Tel.Egram.Settings", "services\Tel.Egram.Settings\Tel.Egram.Settings.csproj", "{EABF6E1B-29D0-42B2-BA87-1523B156366F}"
EndProject
Global
	GlobalSection(SolutionConfigurationPlatforms) = preSolution
		Debug|Any CPU = Debug|Any CPU
		Release|Any CPU = Release|Any CPU
	EndGlobalSection
	GlobalSection(ProjectConfigurationPlatforms) = postSolution
		{9E350FAF-4C2D-4E47-B6A7-FBBB72450418}.Debug|Any CPU.ActiveCfg = Debug|Any CPU
		{9E350FAF-4C2D-4E47-B6A7-FBBB72450418}.Debug|Any CPU.Build.0 = Debug|Any CPU
		{9E350FAF-4C2D-4E47-B6A7-FBBB72450418}.Release|Any CPU.ActiveCfg = Release|Any CPU
		{9E350FAF-4C2D-4E47-B6A7-FBBB72450418}.Release|Any CPU.Build.0 = Release|Any CPU
		{563D970A-38C2-4C36-8252-667A0984F6BA}.Debug|Any CPU.ActiveCfg = Debug|Any CPU
		{563D970A-38C2-4C36-8252-667A0984F6BA}.Debug|Any CPU.Build.0 = Debug|Any CPU
		{563D970A-38C2-4C36-8252-667A0984F6BA}.Release|Any CPU.ActiveCfg = Release|Any CPU
		{563D970A-38C2-4C36-8252-667A0984F6BA}.Release|Any CPU.Build.0 = Release|Any CPU
		{AC337CB0-6CA8-4DBC-9D46-DBE250A5117E}.Debug|Any CPU.ActiveCfg = Debug|Any CPU
		{AC337CB0-6CA8-4DBC-9D46-DBE250A5117E}.Debug|Any CPU.Build.0 = Debug|Any CPU
		{AC337CB0-6CA8-4DBC-9D46-DBE250A5117E}.Release|Any CPU.ActiveCfg = Release|Any CPU
		{AC337CB0-6CA8-4DBC-9D46-DBE250A5117E}.Release|Any CPU.Build.0 = Release|Any CPU
		{7B7569D7-9BE6-44EF-8298-FAA48B18E7B6}.Debug|Any CPU.ActiveCfg = Debug|Any CPU
		{7B7569D7-9BE6-44EF-8298-FAA48B18E7B6}.Debug|Any CPU.Build.0 = Debug|Any CPU
		{7B7569D7-9BE6-44EF-8298-FAA48B18E7B6}.Release|Any CPU.ActiveCfg = Release|Any CPU
		{7B7569D7-9BE6-44EF-8298-FAA48B18E7B6}.Release|Any CPU.Build.0 = Release|Any CPU
		{9CC2DA34-9AFF-442D-8E02-BB7B7161FC27}.Debug|Any CPU.ActiveCfg = Debug|Any CPU
		{9CC2DA34-9AFF-442D-8E02-BB7B7161FC27}.Debug|Any CPU.Build.0 = Debug|Any CPU
		{9CC2DA34-9AFF-442D-8E02-BB7B7161FC27}.Release|Any CPU.ActiveCfg = Release|Any CPU
		{9CC2DA34-9AFF-442D-8E02-BB7B7161FC27}.Release|Any CPU.Build.0 = Release|Any CPU
		{CFC70B90-A485-4A62-91D3-BA77409FC142}.Debug|Any CPU.ActiveCfg = Debug|Any CPU
		{CFC70B90-A485-4A62-91D3-BA77409FC142}.Debug|Any CPU.Build.0 = Debug|Any CPU
		{CFC70B90-A485-4A62-91D3-BA77409FC142}.Release|Any CPU.ActiveCfg = Release|Any CPU
		{CFC70B90-A485-4A62-91D3-BA77409FC142}.Release|Any CPU.Build.0 = Release|Any CPU
		{A54C79EA-4EC7-4BC7-AA9A-2F412E139FA8}.Debug|Any CPU.ActiveCfg = Debug|Any CPU
		{A54C79EA-4EC7-4BC7-AA9A-2F412E139FA8}.Debug|Any CPU.Build.0 = Debug|Any CPU
		{A54C79EA-4EC7-4BC7-AA9A-2F412E139FA8}.Release|Any CPU.ActiveCfg = Release|Any CPU
		{A54C79EA-4EC7-4BC7-AA9A-2F412E139FA8}.Release|Any CPU.Build.0 = Release|Any CPU
		{8E3A9CAD-39DB-46AB-BA4F-3C4698CB4F48}.Debug|Any CPU.ActiveCfg = Debug|Any CPU
		{8E3A9CAD-39DB-46AB-BA4F-3C4698CB4F48}.Debug|Any CPU.Build.0 = Debug|Any CPU
		{8E3A9CAD-39DB-46AB-BA4F-3C4698CB4F48}.Release|Any CPU.ActiveCfg = Release|Any CPU
		{8E3A9CAD-39DB-46AB-BA4F-3C4698CB4F48}.Release|Any CPU.Build.0 = Release|Any CPU
		{04A561C4-9DC4-43AA-9588-7835F5CAC2E0}.Debug|Any CPU.ActiveCfg = Debug|Any CPU
		{04A561C4-9DC4-43AA-9588-7835F5CAC2E0}.Debug|Any CPU.Build.0 = Debug|Any CPU
		{04A561C4-9DC4-43AA-9588-7835F5CAC2E0}.Release|Any CPU.ActiveCfg = Release|Any CPU
		{04A561C4-9DC4-43AA-9588-7835F5CAC2E0}.Release|Any CPU.Build.0 = Release|Any CPU
		{DE16271E-5A1C-480A-8311-FE46EC492382}.Debug|Any CPU.ActiveCfg = Debug|Any CPU
		{DE16271E-5A1C-480A-8311-FE46EC492382}.Debug|Any CPU.Build.0 = Debug|Any CPU
		{DE16271E-5A1C-480A-8311-FE46EC492382}.Release|Any CPU.ActiveCfg = Release|Any CPU
		{DE16271E-5A1C-480A-8311-FE46EC492382}.Release|Any CPU.Build.0 = Release|Any CPU
		{4369B5F5-49CD-4813-8602-A9161E7A3896}.Debug|Any CPU.ActiveCfg = Debug|Any CPU
		{4369B5F5-49CD-4813-8602-A9161E7A3896}.Debug|Any CPU.Build.0 = Debug|Any CPU
		{4369B5F5-49CD-4813-8602-A9161E7A3896}.Release|Any CPU.ActiveCfg = Release|Any CPU
		{4369B5F5-49CD-4813-8602-A9161E7A3896}.Release|Any CPU.Build.0 = Release|Any CPU
		{AB1D7531-4AFB-4A14-A8DE-8390962876D6}.Debug|Any CPU.ActiveCfg = Debug|Any CPU
		{AB1D7531-4AFB-4A14-A8DE-8390962876D6}.Debug|Any CPU.Build.0 = Debug|Any CPU
		{AB1D7531-4AFB-4A14-A8DE-8390962876D6}.Release|Any CPU.ActiveCfg = Release|Any CPU
		{AB1D7531-4AFB-4A14-A8DE-8390962876D6}.Release|Any CPU.Build.0 = Release|Any CPU
		{D2695397-39D0-4C9C-8F6E-D7E703605ECD}.Debug|Any CPU.ActiveCfg = Debug|Any CPU
		{D2695397-39D0-4C9C-8F6E-D7E703605ECD}.Debug|Any CPU.Build.0 = Debug|Any CPU
		{D2695397-39D0-4C9C-8F6E-D7E703605ECD}.Release|Any CPU.ActiveCfg = Release|Any CPU
		{D2695397-39D0-4C9C-8F6E-D7E703605ECD}.Release|Any CPU.Build.0 = Release|Any CPU
		{50FB25CD-9951-4ADA-A30E-0008642DEEBE}.Debug|Any CPU.ActiveCfg = Debug|Any CPU
		{50FB25CD-9951-4ADA-A30E-0008642DEEBE}.Debug|Any CPU.Build.0 = Debug|Any CPU
		{50FB25CD-9951-4ADA-A30E-0008642DEEBE}.Release|Any CPU.ActiveCfg = Release|Any CPU
		{50FB25CD-9951-4ADA-A30E-0008642DEEBE}.Release|Any CPU.Build.0 = Release|Any CPU
		{13BCEE34-90BA-4837-A74B-A394ACFF1ED0}.Debug|Any CPU.ActiveCfg = Debug|Any CPU
		{13BCEE34-90BA-4837-A74B-A394ACFF1ED0}.Debug|Any CPU.Build.0 = Debug|Any CPU
		{13BCEE34-90BA-4837-A74B-A394ACFF1ED0}.Release|Any CPU.ActiveCfg = Release|Any CPU
		{13BCEE34-90BA-4837-A74B-A394ACFF1ED0}.Release|Any CPU.Build.0 = Release|Any CPU
		{415A5BD3-32EE-45CC-8D53-28B00BE23443}.Debug|Any CPU.ActiveCfg = Debug|Any CPU
		{415A5BD3-32EE-45CC-8D53-28B00BE23443}.Debug|Any CPU.Build.0 = Debug|Any CPU
		{415A5BD3-32EE-45CC-8D53-28B00BE23443}.Release|Any CPU.ActiveCfg = Release|Any CPU
		{415A5BD3-32EE-45CC-8D53-28B00BE23443}.Release|Any CPU.Build.0 = Release|Any CPU
		{39591E59-6FDE-46BA-BF41-E53F2BA200CF}.Debug|Any CPU.ActiveCfg = Debug|Any CPU
		{39591E59-6FDE-46BA-BF41-E53F2BA200CF}.Debug|Any CPU.Build.0 = Debug|Any CPU
		{39591E59-6FDE-46BA-BF41-E53F2BA200CF}.Release|Any CPU.ActiveCfg = Release|Any CPU
		{39591E59-6FDE-46BA-BF41-E53F2BA200CF}.Release|Any CPU.Build.0 = Release|Any CPU
		{1F1FCFB7-29B1-4F82-8DAF-E3C5574B7381}.Debug|Any CPU.ActiveCfg = Debug|Any CPU
		{1F1FCFB7-29B1-4F82-8DAF-E3C5574B7381}.Debug|Any CPU.Build.0 = Debug|Any CPU
		{1F1FCFB7-29B1-4F82-8DAF-E3C5574B7381}.Release|Any CPU.ActiveCfg = Release|Any CPU
		{1F1FCFB7-29B1-4F82-8DAF-E3C5574B7381}.Release|Any CPU.Build.0 = Release|Any CPU
		{5B6A93BB-F649-4FF8-A316-55E81C43B506}.Debug|Any CPU.ActiveCfg = Debug|Any CPU
		{5B6A93BB-F649-4FF8-A316-55E81C43B506}.Debug|Any CPU.Build.0 = Debug|Any CPU
		{5B6A93BB-F649-4FF8-A316-55E81C43B506}.Release|Any CPU.ActiveCfg = Release|Any CPU
		{5B6A93BB-F649-4FF8-A316-55E81C43B506}.Release|Any CPU.Build.0 = Release|Any CPU
		{18BA8357-ED41-4E2A-A30C-B786177E1559}.Debug|Any CPU.ActiveCfg = Debug|Any CPU
		{18BA8357-ED41-4E2A-A30C-B786177E1559}.Debug|Any CPU.Build.0 = Debug|Any CPU
		{18BA8357-ED41-4E2A-A30C-B786177E1559}.Release|Any CPU.ActiveCfg = Release|Any CPU
		{18BA8357-ED41-4E2A-A30C-B786177E1559}.Release|Any CPU.Build.0 = Release|Any CPU
		{D0ECC966-C6E4-4EA1-B033-1B6CD684A5DD}.Debug|Any CPU.ActiveCfg = Debug|Any CPU
		{D0ECC966-C6E4-4EA1-B033-1B6CD684A5DD}.Debug|Any CPU.Build.0 = Debug|Any CPU
		{D0ECC966-C6E4-4EA1-B033-1B6CD684A5DD}.Release|Any CPU.ActiveCfg = Release|Any CPU
		{D0ECC966-C6E4-4EA1-B033-1B6CD684A5DD}.Release|Any CPU.Build.0 = Release|Any CPU
		{EABF6E1B-29D0-42B2-BA87-1523B156366F}.Debug|Any CPU.ActiveCfg = Debug|Any CPU
		{EABF6E1B-29D0-42B2-BA87-1523B156366F}.Debug|Any CPU.Build.0 = Debug|Any CPU
		{EABF6E1B-29D0-42B2-BA87-1523B156366F}.Release|Any CPU.ActiveCfg = Release|Any CPU
		{EABF6E1B-29D0-42B2-BA87-1523B156366F}.Release|Any CPU.Build.0 = Release|Any CPU
	EndGlobalSection
	GlobalSection(SolutionProperties) = preSolution
		HideSolutionNode = FALSE
	EndGlobalSection
	GlobalSection(NestedProjects) = preSolution
		{9E350FAF-4C2D-4E47-B6A7-FBBB72450418} = {AF2C72D4-DDCB-4077-8153-270EF061A94A}
		{563D970A-38C2-4C36-8252-667A0984F6BA} = {AF2C72D4-DDCB-4077-8153-270EF061A94A}
		{AC337CB0-6CA8-4DBC-9D46-DBE250A5117E} = {023AD020-281E-4DD4-AB74-99D9235C467E}
		{7B7569D7-9BE6-44EF-8298-FAA48B18E7B6} = {023AD020-281E-4DD4-AB74-99D9235C467E}
		{9CC2DA34-9AFF-442D-8E02-BB7B7161FC27} = {023AD020-281E-4DD4-AB74-99D9235C467E}
		{CFC70B90-A485-4A62-91D3-BA77409FC142} = {023AD020-281E-4DD4-AB74-99D9235C467E}
		{A54C79EA-4EC7-4BC7-AA9A-2F412E139FA8} = {023AD020-281E-4DD4-AB74-99D9235C467E}
		{8E3A9CAD-39DB-46AB-BA4F-3C4698CB4F48} = {800BCC36-C57E-41FA-A5F7-21EB841913CE}
		{04A561C4-9DC4-43AA-9588-7835F5CAC2E0} = {800BCC36-C57E-41FA-A5F7-21EB841913CE}
		{DE16271E-5A1C-480A-8311-FE46EC492382} = {800BCC36-C57E-41FA-A5F7-21EB841913CE}
		{4369B5F5-49CD-4813-8602-A9161E7A3896} = {023AD020-281E-4DD4-AB74-99D9235C467E}
		{AB1D7531-4AFB-4A14-A8DE-8390962876D6} = {023AD020-281E-4DD4-AB74-99D9235C467E}
		{D2695397-39D0-4C9C-8F6E-D7E703605ECD} = {800BCC36-C57E-41FA-A5F7-21EB841913CE}
		{50FB25CD-9951-4ADA-A30E-0008642DEEBE} = {800BCC36-C57E-41FA-A5F7-21EB841913CE}
		{13BCEE34-90BA-4837-A74B-A394ACFF1ED0} = {023AD020-281E-4DD4-AB74-99D9235C467E}
		{415A5BD3-32EE-45CC-8D53-28B00BE23443} = {023AD020-281E-4DD4-AB74-99D9235C467E}
		{39591E59-6FDE-46BA-BF41-E53F2BA200CF} = {800BCC36-C57E-41FA-A5F7-21EB841913CE}
		{1F1FCFB7-29B1-4F82-8DAF-E3C5574B7381} = {800BCC36-C57E-41FA-A5F7-21EB841913CE}
		{5B6A93BB-F649-4FF8-A316-55E81C43B506} = {800BCC36-C57E-41FA-A5F7-21EB841913CE}
		{18BA8357-ED41-4E2A-A30C-B786177E1559} = {023AD020-281E-4DD4-AB74-99D9235C467E}
		{D0ECC966-C6E4-4EA1-B033-1B6CD684A5DD} = {023AD020-281E-4DD4-AB74-99D9235C467E}
		{EABF6E1B-29D0-42B2-BA87-1523B156366F} = {800BCC36-C57E-41FA-A5F7-21EB841913CE}
	EndGlobalSection
	GlobalSection(ExtensibilityGlobals) = postSolution
		SolutionGuid = {3D35C07F-9F13-4E04-A5E0-36C92839CCD3}
	EndGlobalSection
EndGlobal
