
Microsoft Visual Studio Solution File, Format Version 12.00
# Visual Studio 15
VisualStudioVersion = 15.0.28010.2003
MinimumVisualStudioVersion = 10.0.40219.1
Project("{9A19103F-16F7-4668-BE54-9A1E7A4F7556}") = "Tel.Egram", "src\Tel.Egram\Tel.Egram.csproj", "{9E350FAF-4C2D-4E47-B6A7-FBBB72450418}"
EndProject
Project("{9A19103F-16F7-4668-BE54-9A1E7A4F7556}") = "Tel.Egram.Application", "src\Tel.Egram.Application\Tel.Egram.Application.csproj", "{563D970A-38C2-4C36-8252-667A0984F6BA}"
EndProject
Project("{FAE04EC0-301F-11D3-BF4B-00C04F79EFBC}") = "Tel.Egram.Model", "src\Tel.Egram.Model\Tel.Egram.Model.csproj", "{D532C829-670F-463A-BF6E-1557C0FCC33B}"
EndProject
Project("{FAE04EC0-301F-11D3-BF4B-00C04F79EFBC}") = "Tel.Egram.Services", "src\Tel.Egram.Services\Tel.Egram.Services.csproj", "{DAF9F0FC-DFE1-48FC-92B3-30721D3A7A3F}"
EndProject
Project("{2150E333-8FDC-42A3-9474-1A3956D46DE8}") = "src", "src", "{767B3FCF-751E-46FC-AF59-0949BA90EB74}"
EndProject
Project("{FAE04EC0-301F-11D3-BF4B-00C04F79EFBC}") = "Tel.Egram.Views", "src\Tel.Egram.Views\Tel.Egram.Views.csproj", "{E272E3DE-72EF-42BF-9E76-09C569A4BCE9}"
EndProject
Global
	GlobalSection(SolutionConfigurationPlatforms) = preSolution
		Debug|Any CPU = Debug|Any CPU
		Release|Any CPU = Release|Any CPU
	EndGlobalSection
	GlobalSection(ProjectConfigurationPlatforms) = postSolution
		{9E350FAF-4C2D-4E47-B6A7-FBBB72450418}.Debug|Any CPU.ActiveCfg = Debug|Any CPU
		{9E350FAF-4C2D-4E47-B6A7-FBBB72450418}.Debug|Any CPU.Build.0 = Debug|Any CPU
		{9E350FAF-4C2D-4E47-B6A7-FBBB72450418}.Release|Any CPU.ActiveCfg = Release|Any CPU
		{9E350FAF-4C2D-4E47-B6A7-FBBB72450418}.Release|Any CPU.Build.0 = Release|Any CPU
		{563D970A-38C2-4C36-8252-667A0984F6BA}.Debug|Any CPU.ActiveCfg = Debug|Any CPU
		{563D970A-38C2-4C36-8252-667A0984F6BA}.Debug|Any CPU.Build.0 = Debug|Any CPU
		{563D970A-38C2-4C36-8252-667A0984F6BA}.Release|Any CPU.ActiveCfg = Release|Any CPU
		{563D970A-38C2-4C36-8252-667A0984F6BA}.Release|Any CPU.Build.0 = Release|Any CPU
		{D532C829-670F-463A-BF6E-1557C0FCC33B}.Debug|Any CPU.ActiveCfg = Debug|Any CPU
		{D532C829-670F-463A-BF6E-1557C0FCC33B}.Debug|Any CPU.Build.0 = Debug|Any CPU
		{D532C829-670F-463A-BF6E-1557C0FCC33B}.Release|Any CPU.ActiveCfg = Release|Any CPU
		{D532C829-670F-463A-BF6E-1557C0FCC33B}.Release|Any CPU.Build.0 = Release|Any CPU
		{DAF9F0FC-DFE1-48FC-92B3-30721D3A7A3F}.Debug|Any CPU.ActiveCfg = Debug|Any CPU
		{DAF9F0FC-DFE1-48FC-92B3-30721D3A7A3F}.Debug|Any CPU.Build.0 = Debug|Any CPU
		{DAF9F0FC-DFE1-48FC-92B3-30721D3A7A3F}.Release|Any CPU.ActiveCfg = Release|Any CPU
		{DAF9F0FC-DFE1-48FC-92B3-30721D3A7A3F}.Release|Any CPU.Build.0 = Release|Any CPU
		{E272E3DE-72EF-42BF-9E76-09C569A4BCE9}.Debug|Any CPU.ActiveCfg = Debug|Any CPU
		{E272E3DE-72EF-42BF-9E76-09C569A4BCE9}.Debug|Any CPU.Build.0 = Debug|Any CPU
		{E272E3DE-72EF-42BF-9E76-09C569A4BCE9}.Release|Any CPU.ActiveCfg = Release|Any CPU
		{E272E3DE-72EF-42BF-9E76-09C569A4BCE9}.Release|Any CPU.Build.0 = Release|Any CPU
	EndGlobalSection
	GlobalSection(SolutionProperties) = preSolution
		HideSolutionNode = FALSE
	EndGlobalSection
	GlobalSection(NestedProjects) = preSolution
		{9E350FAF-4C2D-4E47-B6A7-FBBB72450418} = {767B3FCF-751E-46FC-AF59-0949BA90EB74}
		{563D970A-38C2-4C36-8252-667A0984F6BA} = {767B3FCF-751E-46FC-AF59-0949BA90EB74}
		{D532C829-670F-463A-BF6E-1557C0FCC33B} = {767B3FCF-751E-46FC-AF59-0949BA90EB74}
		{DAF9F0FC-DFE1-48FC-92B3-30721D3A7A3F} = {767B3FCF-751E-46FC-AF59-0949BA90EB74}
		{E272E3DE-72EF-42BF-9E76-09C569A4BCE9} = {767B3FCF-751E-46FC-AF59-0949BA90EB74}
	EndGlobalSection
	GlobalSection(ExtensibilityGlobals) = postSolution
		SolutionGuid = {3D35C07F-9F13-4E04-A5E0-36C92839CCD3}
	EndGlobalSection
EndGlobal
